
Microsoft Visual Studio Solution File, Format Version 12.00
# Visual Studio 15
VisualStudioVersion = 15.0.27428.2043
MinimumVisualStudioVersion = 10.0.40219.1
Project("{9A19103F-16F7-4668-BE54-9A1E7A4F7556}") = "ProbabilisticDataStructures", "ProbabilisticDataStructures\ProbabilisticDataStructures.csproj", "{4775E89C-C139-43B0-8436-B456C035C9D9}"
EndProject
Project("{FAE04EC0-301F-11D3-BF4B-00C04F79EFBC}") = "TestProbabilisticDataStructures", "TestProbabilisticDataStructures\TestProbabilisticDataStructures.csproj", "{8212EFDE-5134-4914-96D3-C550FD9432F1}"
EndProject
Project("{FAE04EC0-301F-11D3-BF4B-00C04F79EFBC}") = "ProbabilisticDataStructures.ThreadSafe", "ProbabilisticDataStructures.ThreadSafe\ProbabilisticDataStructures.ThreadSafe.csproj", "{F3DD5C4C-208B-4577-96F0-9EA3680B79A7}"
EndProject
Global
	GlobalSection(SolutionConfigurationPlatforms) = preSolution
		Debug|Any CPU = Debug|Any CPU
		Release|Any CPU = Release|Any CPU
	EndGlobalSection
	GlobalSection(ProjectConfigurationPlatforms) = postSolution
		{4775E89C-C139-43B0-8436-B456C035C9D9}.Debug|Any CPU.ActiveCfg = Debug|Any CPU
		{4775E89C-C139-43B0-8436-B456C035C9D9}.Debug|Any CPU.Build.0 = Debug|Any CPU
		{4775E89C-C139-43B0-8436-B456C035C9D9}.Release|Any CPU.ActiveCfg = Release|Any CPU
		{4775E89C-C139-43B0-8436-B456C035C9D9}.Release|Any CPU.Build.0 = Release|Any CPU
		{8212EFDE-5134-4914-96D3-C550FD9432F1}.Debug|Any CPU.ActiveCfg = Debug|Any CPU
		{8212EFDE-5134-4914-96D3-C550FD9432F1}.Debug|Any CPU.Build.0 = Debug|Any CPU
		{8212EFDE-5134-4914-96D3-C550FD9432F1}.Release|Any CPU.ActiveCfg = Release|Any CPU
		{8212EFDE-5134-4914-96D3-C550FD9432F1}.Release|Any CPU.Build.0 = Release|Any CPU
		{F3DD5C4C-208B-4577-96F0-9EA3680B79A7}.Debug|Any CPU.ActiveCfg = Debug|Any CPU
		{F3DD5C4C-208B-4577-96F0-9EA3680B79A7}.Debug|Any CPU.Build.0 = Debug|Any CPU
		{F3DD5C4C-208B-4577-96F0-9EA3680B79A7}.Release|Any CPU.ActiveCfg = Release|Any CPU
		{F3DD5C4C-208B-4577-96F0-9EA3680B79A7}.Release|Any CPU.Build.0 = Release|Any CPU
	EndGlobalSection
	GlobalSection(SolutionProperties) = preSolution
		HideSolutionNode = FALSE
	EndGlobalSection
	GlobalSection(ExtensibilityGlobals) = postSolution
		SolutionGuid = {DD9C9C10-6340-471D-BF9D-A6823302D332}
	EndGlobalSection
EndGlobal
